// !$*UTF8*$!
{
	archiveVersion = 1;
	classes = {
	};
	objectVersion = 56;
	objects = {

/* Begin PBXBuildFile section */
		3737569A29A5278500AF9FDB /* Message.json in Resources */ = {isa = PBXBuildFile; fileRef = 3737569929A5278500AF9FDB /* Message.json */; };
		37988C6D29A62EFE008B5F8E /* Contents.json in Sources */ = {isa = PBXBuildFile; fileRef = 37988C6C29A62EFE008B5F8E /* Contents.json */; };
		6E1902DF29A7C516008BE9EF /* SendMessageView.swift in Sources */ = {isa = PBXBuildFile; fileRef = 6E1902DE29A7C516008BE9EF /* SendMessageView.swift */; };
		6E19DD5629A3CFD6002B7C94 /* ChatbotView.swift in Sources */ = {isa = PBXBuildFile; fileRef = 6E19DD5529A3CFD6002B7C94 /* ChatbotView.swift */; };
		6E2315AB29A510CF00D80C17 /* MessageView.swift in Sources */ = {isa = PBXBuildFile; fileRef = 6E2315AA29A510CF00D80C17 /* MessageView.swift */; };
		6E2315AD29A5114C00D80C17 /* Message.swift in Sources */ = {isa = PBXBuildFile; fileRef = 6E2315AC29A5114C00D80C17 /* Message.swift */; };
		6E2315AF29A5115E00D80C17 /* MessageManager.swift in Sources */ = {isa = PBXBuildFile; fileRef = 6E2315AE29A5115E00D80C17 /* MessageManager.swift */; };
		6EA6911D29A3B9E60084EF6E /* MC3_ChallengeApp.swift in Sources */ = {isa = PBXBuildFile; fileRef = 6EA6911C29A3B9E60084EF6E /* MC3_ChallengeApp.swift */; };
		6EA6912129A3B9E70084EF6E /* Assets.xcassets in Resources */ = {isa = PBXBuildFile; fileRef = 6EA6912029A3B9E70084EF6E /* Assets.xcassets */; };
		6EA6912629A3B9E70084EF6E /* Persistence.swift in Sources */ = {isa = PBXBuildFile; fileRef = 6EA6912529A3B9E70084EF6E /* Persistence.swift */; };
		6EA6912929A3B9E70084EF6E /* MC3_Challenge.xcdatamodeld in Sources */ = {isa = PBXBuildFile; fileRef = 6EA6912729A3B9E70084EF6E /* MC3_Challenge.xcdatamodeld */; };
		6EA6913329A3B9E70084EF6E /* MC3_ChallengeTests.swift in Sources */ = {isa = PBXBuildFile; fileRef = 6EA6913229A3B9E70084EF6E /* MC3_ChallengeTests.swift */; };
		6EA6913D29A3B9E70084EF6E /* MC3_ChallengeUITests.swift in Sources */ = {isa = PBXBuildFile; fileRef = 6EA6913C29A3B9E70084EF6E /* MC3_ChallengeUITests.swift */; };
		6EA6913F29A3B9E70084EF6E /* MC3_ChallengeUITestsLaunchTests.swift in Sources */ = {isa = PBXBuildFile; fileRef = 6EA6913E29A3B9E70084EF6E /* MC3_ChallengeUITestsLaunchTests.swift */; };
		6EF40DBF29A663A800084E8A /* ChatbotModelViewmodel + Mock.swift in Sources */ = {isa = PBXBuildFile; fileRef = 6EF40DBE29A663A800084E8A /* ChatbotModelViewmodel + Mock.swift */; };
		85487A0829A8FDB600D56ED5 /* ChatBubble.swift in Sources */ = {isa = PBXBuildFile; fileRef = 85487A0729A8FDB600D56ED5 /* ChatBubble.swift */; };
/* End PBXBuildFile section */

/* Begin PBXContainerItemProxy section */
		6EA6912F29A3B9E70084EF6E /* PBXContainerItemProxy */ = {
			isa = PBXContainerItemProxy;
			containerPortal = 6EA6911129A3B9E60084EF6E /* Project object */;
			proxyType = 1;
			remoteGlobalIDString = 6EA6911829A3B9E60084EF6E;
			remoteInfo = "MC3-Challenge";
		};
		6EA6913929A3B9E70084EF6E /* PBXContainerItemProxy */ = {
			isa = PBXContainerItemProxy;
			containerPortal = 6EA6911129A3B9E60084EF6E /* Project object */;
			proxyType = 1;
			remoteGlobalIDString = 6EA6911829A3B9E60084EF6E;
			remoteInfo = "MC3-Challenge";
		};
/* End PBXContainerItemProxy section */

/* Begin PBXFileReference section */
		3737569929A5278500AF9FDB /* Message.json */ = {isa = PBXFileReference; fileEncoding = 4; lastKnownFileType = text.json; path = Message.json; sourceTree = "<group>"; };
		37988C6C29A62EFE008B5F8E /* Contents.json */ = {isa = PBXFileReference; lastKnownFileType = text.json; path = Contents.json; sourceTree = "<group>"; };
		6E1902DE29A7C516008BE9EF /* SendMessageView.swift */ = {isa = PBXFileReference; lastKnownFileType = sourcecode.swift; path = SendMessageView.swift; sourceTree = "<group>"; };
		6E19DD5529A3CFD6002B7C94 /* ChatbotView.swift */ = {isa = PBXFileReference; lastKnownFileType = sourcecode.swift; path = ChatbotView.swift; sourceTree = "<group>"; };
		6E2315AA29A510CF00D80C17 /* MessageView.swift */ = {isa = PBXFileReference; lastKnownFileType = sourcecode.swift; path = MessageView.swift; sourceTree = "<group>"; };
		6E2315AC29A5114C00D80C17 /* Message.swift */ = {isa = PBXFileReference; lastKnownFileType = sourcecode.swift; path = Message.swift; sourceTree = "<group>"; };
		6E2315AE29A5115E00D80C17 /* MessageManager.swift */ = {isa = PBXFileReference; lastKnownFileType = sourcecode.swift; path = MessageManager.swift; sourceTree = "<group>"; };
		6EA6911929A3B9E60084EF6E /* Struffoli.app */ = {isa = PBXFileReference; explicitFileType = wrapper.application; includeInIndex = 0; path = Struffoli.app; sourceTree = BUILT_PRODUCTS_DIR; };
		6EA6911C29A3B9E60084EF6E /* MC3_ChallengeApp.swift */ = {isa = PBXFileReference; lastKnownFileType = sourcecode.swift; path = MC3_ChallengeApp.swift; sourceTree = "<group>"; };
		6EA6912029A3B9E70084EF6E /* Assets.xcassets */ = {isa = PBXFileReference; lastKnownFileType = folder.assetcatalog; path = Assets.xcassets; sourceTree = "<group>"; };
		6EA6912529A3B9E70084EF6E /* Persistence.swift */ = {isa = PBXFileReference; lastKnownFileType = sourcecode.swift; path = Persistence.swift; sourceTree = "<group>"; };
		6EA6912829A3B9E70084EF6E /* MC3_Challenge.xcdatamodel */ = {isa = PBXFileReference; lastKnownFileType = wrapper.xcdatamodel; path = MC3_Challenge.xcdatamodel; sourceTree = "<group>"; };
		6EA6912E29A3B9E70084EF6E /* MC3-ChallengeTests.xctest */ = {isa = PBXFileReference; explicitFileType = wrapper.cfbundle; includeInIndex = 0; path = "MC3-ChallengeTests.xctest"; sourceTree = BUILT_PRODUCTS_DIR; };
		6EA6913229A3B9E70084EF6E /* MC3_ChallengeTests.swift */ = {isa = PBXFileReference; lastKnownFileType = sourcecode.swift; path = MC3_ChallengeTests.swift; sourceTree = "<group>"; };
		6EA6913829A3B9E70084EF6E /* MC3-ChallengeUITests.xctest */ = {isa = PBXFileReference; explicitFileType = wrapper.cfbundle; includeInIndex = 0; path = "MC3-ChallengeUITests.xctest"; sourceTree = BUILT_PRODUCTS_DIR; };
		6EA6913C29A3B9E70084EF6E /* MC3_ChallengeUITests.swift */ = {isa = PBXFileReference; lastKnownFileType = sourcecode.swift; path = MC3_ChallengeUITests.swift; sourceTree = "<group>"; };
		6EA6913E29A3B9E70084EF6E /* MC3_ChallengeUITestsLaunchTests.swift */ = {isa = PBXFileReference; lastKnownFileType = sourcecode.swift; path = MC3_ChallengeUITestsLaunchTests.swift; sourceTree = "<group>"; };
		6EF40DBE29A663A800084E8A /* ChatbotModelViewmodel + Mock.swift */ = {isa = PBXFileReference; lastKnownFileType = sourcecode.swift; path = "ChatbotModelViewmodel + Mock.swift"; sourceTree = "<group>"; };
		85487A0729A8FDB600D56ED5 /* ChatBubble.swift */ = {isa = PBXFileReference; lastKnownFileType = sourcecode.swift; path = ChatBubble.swift; sourceTree = "<group>"; };
/* End PBXFileReference section */

/* Begin PBXFrameworksBuildPhase section */
		6EA6911629A3B9E60084EF6E /* Frameworks */ = {
			isa = PBXFrameworksBuildPhase;
			buildActionMask = 2147483647;
			files = (
			);
			runOnlyForDeploymentPostprocessing = 0;
		};
		6EA6912B29A3B9E70084EF6E /* Frameworks */ = {
			isa = PBXFrameworksBuildPhase;
			buildActionMask = 2147483647;
			files = (
			);
			runOnlyForDeploymentPostprocessing = 0;
		};
		6EA6913529A3B9E70084EF6E /* Frameworks */ = {
			isa = PBXFrameworksBuildPhase;
			buildActionMask = 2147483647;
			files = (
			);
			runOnlyForDeploymentPostprocessing = 0;
		};
/* End PBXFrameworksBuildPhase section */

/* Begin PBXGroup section */
		37988C7929A64BBA008B5F8E /* Views */ = {
			isa = PBXGroup;
			children = (
				6E19DD5529A3CFD6002B7C94 /* ChatbotView.swift */,
				6E1902DE29A7C516008BE9EF /* SendMessageView.swift */,
				6E2315AA29A510CF00D80C17 /* MessageView.swift */,
				85487A0729A8FDB600D56ED5 /* ChatBubble.swift */,
			);
			path = Views;
			sourceTree = "<group>";
		};
		37988C7A29A64BC3008B5F8E /* Models */ = {
			isa = PBXGroup;
			children = (
				6E2315AC29A5114C00D80C17 /* Message.swift */,
				6E2315AE29A5115E00D80C17 /* MessageManager.swift */,
			);
			path = Models;
			sourceTree = "<group>";
		};
		6EA6911029A3B9E60084EF6E = {
			isa = PBXGroup;
			children = (
				6EA6911B29A3B9E60084EF6E /* MC3-Challenge */,
				6EA6913129A3B9E70084EF6E /* MC3-ChallengeTests */,
				6EA6913B29A3B9E70084EF6E /* MC3-ChallengeUITests */,
				6EA6911A29A3B9E60084EF6E /* Products */,
			);
			sourceTree = "<group>";
		};
		6EA6911A29A3B9E60084EF6E /* Products */ = {
			isa = PBXGroup;
			children = (
				6EA6911929A3B9E60084EF6E /* Struffoli.app */,
				6EA6912E29A3B9E70084EF6E /* MC3-ChallengeTests.xctest */,
				6EA6913829A3B9E70084EF6E /* MC3-ChallengeUITests.xctest */,
			);
			name = Products;
			sourceTree = "<group>";
		};
		6EA6911B29A3B9E60084EF6E /* MC3-Challenge */ = {
			isa = PBXGroup;
			children = (
				6EA6911C29A3B9E60084EF6E /* MC3_ChallengeApp.swift */,
				37988C7A29A64BC3008B5F8E /* Models */,
				37988C7929A64BBA008B5F8E /* Views */,
				6EA6912229A3B9E70084EF6E /* Preview Content */,
				6EF40DBD29A6638A00084E8A /* Extensions */,
				6EA6912529A3B9E70084EF6E /* Persistence.swift */,
				6EA6912729A3B9E70084EF6E /* MC3_Challenge.xcdatamodeld */,
				6EA6912029A3B9E70084EF6E /* Assets.xcassets */,
				3737569929A5278500AF9FDB /* Message.json */,
			);
			path = "MC3-Challenge";
			sourceTree = "<group>";
		};
		6EA6912229A3B9E70084EF6E /* Preview Content */ = {
			isa = PBXGroup;
			children = (
				37988C6C29A62EFE008B5F8E /* Contents.json */,
			);
			path = "Preview Content";
			sourceTree = "<group>";
		};
		6EA6913129A3B9E70084EF6E /* MC3-ChallengeTests */ = {
			isa = PBXGroup;
			children = (
				6EA6913229A3B9E70084EF6E /* MC3_ChallengeTests.swift */,
			);
			path = "MC3-ChallengeTests";
			sourceTree = "<group>";
		};
		6EA6913B29A3B9E70084EF6E /* MC3-ChallengeUITests */ = {
			isa = PBXGroup;
			children = (
				6EA6913C29A3B9E70084EF6E /* MC3_ChallengeUITests.swift */,
				6EA6913E29A3B9E70084EF6E /* MC3_ChallengeUITestsLaunchTests.swift */,
			);
			path = "MC3-ChallengeUITests";
			sourceTree = "<group>";
		};
		6EF40DBD29A6638A00084E8A /* Extensions */ = {
			isa = PBXGroup;
			children = (
				6EF40DBE29A663A800084E8A /* ChatbotModelViewmodel + Mock.swift */,
			);
			path = Extensions;
			sourceTree = "<group>";
		};
/* End PBXGroup section */

/* Begin PBXNativeTarget section */
		6EA6911829A3B9E60084EF6E /* MC3-Challenge */ = {
			isa = PBXNativeTarget;
			buildConfigurationList = 6EA6914229A3B9E70084EF6E /* Build configuration list for PBXNativeTarget "MC3-Challenge" */;
			buildPhases = (
				6EA6911529A3B9E60084EF6E /* Sources */,
				6EA6911629A3B9E60084EF6E /* Frameworks */,
				6EA6911729A3B9E60084EF6E /* Resources */,
			);
			buildRules = (
			);
			dependencies = (
			);
			name = "MC3-Challenge";
			productName = "MC3-Challenge";
			productReference = 6EA6911929A3B9E60084EF6E /* Struffoli.app */;
			productType = "com.apple.product-type.application";
		};
		6EA6912D29A3B9E70084EF6E /* MC3-ChallengeTests */ = {
			isa = PBXNativeTarget;
			buildConfigurationList = 6EA6914529A3B9E70084EF6E /* Build configuration list for PBXNativeTarget "MC3-ChallengeTests" */;
			buildPhases = (
				6EA6912A29A3B9E70084EF6E /* Sources */,
				6EA6912B29A3B9E70084EF6E /* Frameworks */,
				6EA6912C29A3B9E70084EF6E /* Resources */,
			);
			buildRules = (
			);
			dependencies = (
				6EA6913029A3B9E70084EF6E /* PBXTargetDependency */,
			);
			name = "MC3-ChallengeTests";
			productName = "MC3-ChallengeTests";
			productReference = 6EA6912E29A3B9E70084EF6E /* MC3-ChallengeTests.xctest */;
			productType = "com.apple.product-type.bundle.unit-test";
		};
		6EA6913729A3B9E70084EF6E /* MC3-ChallengeUITests */ = {
			isa = PBXNativeTarget;
			buildConfigurationList = 6EA6914829A3B9E70084EF6E /* Build configuration list for PBXNativeTarget "MC3-ChallengeUITests" */;
			buildPhases = (
				6EA6913429A3B9E70084EF6E /* Sources */,
				6EA6913529A3B9E70084EF6E /* Frameworks */,
				6EA6913629A3B9E70084EF6E /* Resources */,
			);
			buildRules = (
			);
			dependencies = (
				6EA6913A29A3B9E70084EF6E /* PBXTargetDependency */,
			);
			name = "MC3-ChallengeUITests";
			productName = "MC3-ChallengeUITests";
			productReference = 6EA6913829A3B9E70084EF6E /* MC3-ChallengeUITests.xctest */;
			productType = "com.apple.product-type.bundle.ui-testing";
		};
/* End PBXNativeTarget section */

/* Begin PBXProject section */
		6EA6911129A3B9E60084EF6E /* Project object */ = {
			isa = PBXProject;
			attributes = {
				BuildIndependentTargetsInParallel = 1;
				LastSwiftUpdateCheck = 1420;
				LastUpgradeCheck = 1420;
				TargetAttributes = {
					6EA6911829A3B9E60084EF6E = {
						CreatedOnToolsVersion = 14.2;
					};
					6EA6912D29A3B9E70084EF6E = {
						CreatedOnToolsVersion = 14.2;
						TestTargetID = 6EA6911829A3B9E60084EF6E;
					};
					6EA6913729A3B9E70084EF6E = {
						CreatedOnToolsVersion = 14.2;
						TestTargetID = 6EA6911829A3B9E60084EF6E;
					};
				};
			};
			buildConfigurationList = 6EA6911429A3B9E60084EF6E /* Build configuration list for PBXProject "MC3-Challenge" */;
			compatibilityVersion = "Xcode 14.0";
			developmentRegion = en;
			hasScannedForEncodings = 0;
			knownRegions = (
				en,
				Base,
			);
			mainGroup = 6EA6911029A3B9E60084EF6E;
			productRefGroup = 6EA6911A29A3B9E60084EF6E /* Products */;
			projectDirPath = "";
			projectRoot = "";
			targets = (
				6EA6911829A3B9E60084EF6E /* MC3-Challenge */,
				6EA6912D29A3B9E70084EF6E /* MC3-ChallengeTests */,
				6EA6913729A3B9E70084EF6E /* MC3-ChallengeUITests */,
			);
		};
/* End PBXProject section */

/* Begin PBXResourcesBuildPhase section */
		6EA6911729A3B9E60084EF6E /* Resources */ = {
			isa = PBXResourcesBuildPhase;
			buildActionMask = 2147483647;
			files = (
				3737569A29A5278500AF9FDB /* Message.json in Resources */,
				6EA6912129A3B9E70084EF6E /* Assets.xcassets in Resources */,
			);
			runOnlyForDeploymentPostprocessing = 0;
		};
		6EA6912C29A3B9E70084EF6E /* Resources */ = {
			isa = PBXResourcesBuildPhase;
			buildActionMask = 2147483647;
			files = (
			);
			runOnlyForDeploymentPostprocessing = 0;
		};
		6EA6913629A3B9E70084EF6E /* Resources */ = {
			isa = PBXResourcesBuildPhase;
			buildActionMask = 2147483647;
			files = (
			);
			runOnlyForDeploymentPostprocessing = 0;
		};
/* End PBXResourcesBuildPhase section */

/* Begin PBXSourcesBuildPhase section */
		6EA6911529A3B9E60084EF6E /* Sources */ = {
			isa = PBXSourcesBuildPhase;
			buildActionMask = 2147483647;
			files = (
				6E1902DF29A7C516008BE9EF /* SendMessageView.swift in Sources */,
				37988C6D29A62EFE008B5F8E /* Contents.json in Sources */,
				6E2315AB29A510CF00D80C17 /* MessageView.swift in Sources */,
				6E19DD5629A3CFD6002B7C94 /* ChatbotView.swift in Sources */,
				85487A0829A8FDB600D56ED5 /* ChatBubble.swift in Sources */,
				6EA6912629A3B9E70084EF6E /* Persistence.swift in Sources */,
				6EA6911D29A3B9E60084EF6E /* MC3_ChallengeApp.swift in Sources */,
				6EA6912929A3B9E70084EF6E /* MC3_Challenge.xcdatamodeld in Sources */,
				6E2315AD29A5114C00D80C17 /* Message.swift in Sources */,
				6EF40DBF29A663A800084E8A /* ChatbotModelViewmodel + Mock.swift in Sources */,
				6E2315AF29A5115E00D80C17 /* MessageManager.swift in Sources */,
			);
			runOnlyForDeploymentPostprocessing = 0;
		};
		6EA6912A29A3B9E70084EF6E /* Sources */ = {
			isa = PBXSourcesBuildPhase;
			buildActionMask = 2147483647;
			files = (
				6EA6913329A3B9E70084EF6E /* MC3_ChallengeTests.swift in Sources */,
			);
			runOnlyForDeploymentPostprocessing = 0;
		};
		6EA6913429A3B9E70084EF6E /* Sources */ = {
			isa = PBXSourcesBuildPhase;
			buildActionMask = 2147483647;
			files = (
				6EA6913F29A3B9E70084EF6E /* MC3_ChallengeUITestsLaunchTests.swift in Sources */,
				6EA6913D29A3B9E70084EF6E /* MC3_ChallengeUITests.swift in Sources */,
			);
			runOnlyForDeploymentPostprocessing = 0;
		};
/* End PBXSourcesBuildPhase section */

/* Begin PBXTargetDependency section */
		6EA6913029A3B9E70084EF6E /* PBXTargetDependency */ = {
			isa = PBXTargetDependency;
			target = 6EA6911829A3B9E60084EF6E /* MC3-Challenge */;
			targetProxy = 6EA6912F29A3B9E70084EF6E /* PBXContainerItemProxy */;
		};
		6EA6913A29A3B9E70084EF6E /* PBXTargetDependency */ = {
			isa = PBXTargetDependency;
			target = 6EA6911829A3B9E60084EF6E /* MC3-Challenge */;
			targetProxy = 6EA6913929A3B9E70084EF6E /* PBXContainerItemProxy */;
		};
/* End PBXTargetDependency section */

/* Begin XCBuildConfiguration section */
		6EA6914029A3B9E70084EF6E /* Debug */ = {
			isa = XCBuildConfiguration;
			buildSettings = {
				ALWAYS_SEARCH_USER_PATHS = NO;
				CLANG_ANALYZER_NONNULL = YES;
				CLANG_ANALYZER_NUMBER_OBJECT_CONVERSION = YES_AGGRESSIVE;
				CLANG_CXX_LANGUAGE_STANDARD = "gnu++20";
				CLANG_ENABLE_MODULES = YES;
				CLANG_ENABLE_OBJC_ARC = YES;
				CLANG_ENABLE_OBJC_WEAK = YES;
				CLANG_WARN_BLOCK_CAPTURE_AUTORELEASING = YES;
				CLANG_WARN_BOOL_CONVERSION = YES;
				CLANG_WARN_COMMA = YES;
				CLANG_WARN_CONSTANT_CONVERSION = YES;
				CLANG_WARN_DEPRECATED_OBJC_IMPLEMENTATIONS = YES;
				CLANG_WARN_DIRECT_OBJC_ISA_USAGE = YES_ERROR;
				CLANG_WARN_DOCUMENTATION_COMMENTS = YES;
				CLANG_WARN_EMPTY_BODY = YES;
				CLANG_WARN_ENUM_CONVERSION = YES;
				CLANG_WARN_INFINITE_RECURSION = YES;
				CLANG_WARN_INT_CONVERSION = YES;
				CLANG_WARN_NON_LITERAL_NULL_CONVERSION = YES;
				CLANG_WARN_OBJC_IMPLICIT_RETAIN_SELF = YES;
				CLANG_WARN_OBJC_LITERAL_CONVERSION = YES;
				CLANG_WARN_OBJC_ROOT_CLASS = YES_ERROR;
				CLANG_WARN_QUOTED_INCLUDE_IN_FRAMEWORK_HEADER = YES;
				CLANG_WARN_RANGE_LOOP_ANALYSIS = YES;
				CLANG_WARN_STRICT_PROTOTYPES = YES;
				CLANG_WARN_SUSPICIOUS_MOVE = YES;
				CLANG_WARN_UNGUARDED_AVAILABILITY = YES_AGGRESSIVE;
				CLANG_WARN_UNREACHABLE_CODE = YES;
				CLANG_WARN__DUPLICATE_METHOD_MATCH = YES;
				COPY_PHASE_STRIP = NO;
				DEBUG_INFORMATION_FORMAT = dwarf;
				ENABLE_STRICT_OBJC_MSGSEND = YES;
				ENABLE_TESTABILITY = YES;
				GCC_C_LANGUAGE_STANDARD = gnu11;
				GCC_DYNAMIC_NO_PIC = NO;
				GCC_NO_COMMON_BLOCKS = YES;
				GCC_OPTIMIZATION_LEVEL = 0;
				GCC_PREPROCESSOR_DEFINITIONS = (
					"DEBUG=1",
					"$(inherited)",
				);
				GCC_WARN_64_TO_32_BIT_CONVERSION = YES;
				GCC_WARN_ABOUT_RETURN_TYPE = YES_ERROR;
				GCC_WARN_UNDECLARED_SELECTOR = YES;
				GCC_WARN_UNINITIALIZED_AUTOS = YES_AGGRESSIVE;
				GCC_WARN_UNUSED_FUNCTION = YES;
				GCC_WARN_UNUSED_VARIABLE = YES;
				IPHONEOS_DEPLOYMENT_TARGET = 16.2;
				MTL_ENABLE_DEBUG_INFO = INCLUDE_SOURCE;
				MTL_FAST_MATH = YES;
				ONLY_ACTIVE_ARCH = YES;
				SDKROOT = iphoneos;
				SWIFT_ACTIVE_COMPILATION_CONDITIONS = DEBUG;
				SWIFT_OPTIMIZATION_LEVEL = "-Onone";
			};
			name = Debug;
		};
		6EA6914129A3B9E70084EF6E /* Release */ = {
			isa = XCBuildConfiguration;
			buildSettings = {
				ALWAYS_SEARCH_USER_PATHS = NO;
				CLANG_ANALYZER_NONNULL = YES;
				CLANG_ANALYZER_NUMBER_OBJECT_CONVERSION = YES_AGGRESSIVE;
				CLANG_CXX_LANGUAGE_STANDARD = "gnu++20";
				CLANG_ENABLE_MODULES = YES;
				CLANG_ENABLE_OBJC_ARC = YES;
				CLANG_ENABLE_OBJC_WEAK = YES;
				CLANG_WARN_BLOCK_CAPTURE_AUTORELEASING = YES;
				CLANG_WARN_BOOL_CONVERSION = YES;
				CLANG_WARN_COMMA = YES;
				CLANG_WARN_CONSTANT_CONVERSION = YES;
				CLANG_WARN_DEPRECATED_OBJC_IMPLEMENTATIONS = YES;
				CLANG_WARN_DIRECT_OBJC_ISA_USAGE = YES_ERROR;
				CLANG_WARN_DOCUMENTATION_COMMENTS = YES;
				CLANG_WARN_EMPTY_BODY = YES;
				CLANG_WARN_ENUM_CONVERSION = YES;
				CLANG_WARN_INFINITE_RECURSION = YES;
				CLANG_WARN_INT_CONVERSION = YES;
				CLANG_WARN_NON_LITERAL_NULL_CONVERSION = YES;
				CLANG_WARN_OBJC_IMPLICIT_RETAIN_SELF = YES;
				CLANG_WARN_OBJC_LITERAL_CONVERSION = YES;
				CLANG_WARN_OBJC_ROOT_CLASS = YES_ERROR;
				CLANG_WARN_QUOTED_INCLUDE_IN_FRAMEWORK_HEADER = YES;
				CLANG_WARN_RANGE_LOOP_ANALYSIS = YES;
				CLANG_WARN_STRICT_PROTOTYPES = YES;
				CLANG_WARN_SUSPICIOUS_MOVE = YES;
				CLANG_WARN_UNGUARDED_AVAILABILITY = YES_AGGRESSIVE;
				CLANG_WARN_UNREACHABLE_CODE = YES;
				CLANG_WARN__DUPLICATE_METHOD_MATCH = YES;
				COPY_PHASE_STRIP = NO;
				DEBUG_INFORMATION_FORMAT = "dwarf-with-dsym";
				ENABLE_NS_ASSERTIONS = NO;
				ENABLE_STRICT_OBJC_MSGSEND = YES;
				GCC_C_LANGUAGE_STANDARD = gnu11;
				GCC_NO_COMMON_BLOCKS = YES;
				GCC_WARN_64_TO_32_BIT_CONVERSION = YES;
				GCC_WARN_ABOUT_RETURN_TYPE = YES_ERROR;
				GCC_WARN_UNDECLARED_SELECTOR = YES;
				GCC_WARN_UNINITIALIZED_AUTOS = YES_AGGRESSIVE;
				GCC_WARN_UNUSED_FUNCTION = YES;
				GCC_WARN_UNUSED_VARIABLE = YES;
				IPHONEOS_DEPLOYMENT_TARGET = 16.2;
				MTL_ENABLE_DEBUG_INFO = NO;
				MTL_FAST_MATH = YES;
				SDKROOT = iphoneos;
				SWIFT_COMPILATION_MODE = wholemodule;
				SWIFT_OPTIMIZATION_LEVEL = "-O";
				VALIDATE_PRODUCT = YES;
			};
			name = Release;
		};
		6EA6914329A3B9E70084EF6E /* Debug */ = {
			isa = XCBuildConfiguration;
			buildSettings = {
				ASSETCATALOG_COMPILER_APPICON_NAME = AppIcon;
				ASSETCATALOG_COMPILER_GLOBAL_ACCENT_COLOR_NAME = AccentColor;
				CODE_SIGN_STYLE = Automatic;
				CURRENT_PROJECT_VERSION = 1;
				DEVELOPMENT_ASSET_PATHS = "\"MC3-Challenge/Preview Content\"";
				DEVELOPMENT_TEAM = 8T58FH89LR;
				ENABLE_PREVIEWS = YES;
				GENERATE_INFOPLIST_FILE = YES;
				INFOPLIST_KEY_CFBundleDisplayName = Struffoli;
				INFOPLIST_KEY_LSApplicationCategoryType = "public.app-category.travel";
				INFOPLIST_KEY_UIApplicationSceneManifest_Generation = YES;
				INFOPLIST_KEY_UIApplicationSupportsIndirectInputEvents = YES;
				INFOPLIST_KEY_UILaunchScreen_Generation = YES;
				INFOPLIST_KEY_UISupportedInterfaceOrientations_iPad = "UIInterfaceOrientationPortrait UIInterfaceOrientationPortraitUpsideDown UIInterfaceOrientationLandscapeLeft UIInterfaceOrientationLandscapeRight";
				INFOPLIST_KEY_UISupportedInterfaceOrientations_iPhone = "UIInterfaceOrientationPortrait UIInterfaceOrientationLandscapeLeft UIInterfaceOrientationLandscapeRight";
				LD_RUNPATH_SEARCH_PATHS = (
					"$(inherited)",
					"@executable_path/Frameworks",
				);
				MARKETING_VERSION = 1.0;
				PRODUCT_BUNDLE_IDENTIFIER = "elyahk.MC3-Challenge";
				PRODUCT_NAME = Struffoli;
				SWIFT_EMIT_LOC_STRINGS = YES;
				SWIFT_VERSION = 5.0;
				TARGETED_DEVICE_FAMILY = "1,2";
			};
			name = Debug;
		};
		6EA6914429A3B9E70084EF6E /* Release */ = {
			isa = XCBuildConfiguration;
			buildSettings = {
				ASSETCATALOG_COMPILER_APPICON_NAME = AppIcon;
				ASSETCATALOG_COMPILER_GLOBAL_ACCENT_COLOR_NAME = AccentColor;
				CODE_SIGN_STYLE = Automatic;
				CURRENT_PROJECT_VERSION = 1;
				DEVELOPMENT_ASSET_PATHS = "\"MC3-Challenge/Preview Content\"";
				DEVELOPMENT_TEAM = 8T58FH89LR;
				ENABLE_PREVIEWS = YES;
				GENERATE_INFOPLIST_FILE = YES;
				INFOPLIST_KEY_CFBundleDisplayName = Struffoli;
				INFOPLIST_KEY_LSApplicationCategoryType = "public.app-category.travel";
				INFOPLIST_KEY_UIApplicationSceneManifest_Generation = YES;
				INFOPLIST_KEY_UIApplicationSupportsIndirectInputEvents = YES;
				INFOPLIST_KEY_UILaunchScreen_Generation = YES;
				INFOPLIST_KEY_UISupportedInterfaceOrientations_iPad = "UIInterfaceOrientationPortrait UIInterfaceOrientationPortraitUpsideDown UIInterfaceOrientationLandscapeLeft UIInterfaceOrientationLandscapeRight";
				INFOPLIST_KEY_UISupportedInterfaceOrientations_iPhone = "UIInterfaceOrientationPortrait UIInterfaceOrientationLandscapeLeft UIInterfaceOrientationLandscapeRight";
				LD_RUNPATH_SEARCH_PATHS = (
					"$(inherited)",
					"@executable_path/Frameworks",
				);
				MARKETING_VERSION = 1.0;
				PRODUCT_BUNDLE_IDENTIFIER = "elyahk.MC3-Challenge";
				PRODUCT_NAME = Struffoli;
				SWIFT_EMIT_LOC_STRINGS = YES;
				SWIFT_VERSION = 5.0;
				TARGETED_DEVICE_FAMILY = "1,2";
			};
			name = Release;
		};
		6EA6914629A3B9E70084EF6E /* Debug */ = {
			isa = XCBuildConfiguration;
			buildSettings = {
				ALWAYS_EMBED_SWIFT_STANDARD_LIBRARIES = YES;
				BUNDLE_LOADER = "$(TEST_HOST)";
				CODE_SIGN_STYLE = Automatic;
				CURRENT_PROJECT_VERSION = 1;
				DEVELOPMENT_TEAM = 8T58FH89LR;
				GENERATE_INFOPLIST_FILE = YES;
				IPHONEOS_DEPLOYMENT_TARGET = 16.2;
				MARKETING_VERSION = 1.0;
				PRODUCT_BUNDLE_IDENTIFIER = "elyahk.MC3-ChallengeTests";
				PRODUCT_NAME = "$(TARGET_NAME)";
				SWIFT_EMIT_LOC_STRINGS = NO;
				SWIFT_VERSION = 5.0;
				TARGETED_DEVICE_FAMILY = "1,2";
				TEST_HOST = "$(BUILT_PRODUCTS_DIR)/MC3-Challenge.app/$(BUNDLE_EXECUTABLE_FOLDER_PATH)/MC3-Challenge";
			};
			name = Debug;
		};
		6EA6914729A3B9E70084EF6E /* Release */ = {
			isa = XCBuildConfiguration;
			buildSettings = {
				ALWAYS_EMBED_SWIFT_STANDARD_LIBRARIES = YES;
				BUNDLE_LOADER = "$(TEST_HOST)";
				CODE_SIGN_STYLE = Automatic;
				CURRENT_PROJECT_VERSION = 1;
				DEVELOPMENT_TEAM = 8T58FH89LR;
				GENERATE_INFOPLIST_FILE = YES;
				IPHONEOS_DEPLOYMENT_TARGET = 16.2;
				MARKETING_VERSION = 1.0;
				PRODUCT_BUNDLE_IDENTIFIER = "elyahk.MC3-ChallengeTests";
				PRODUCT_NAME = "$(TARGET_NAME)";
				SWIFT_EMIT_LOC_STRINGS = NO;
				SWIFT_VERSION = 5.0;
				TARGETED_DEVICE_FAMILY = "1,2";
				TEST_HOST = "$(BUILT_PRODUCTS_DIR)/MC3-Challenge.app/$(BUNDLE_EXECUTABLE_FOLDER_PATH)/MC3-Challenge";
			};
			name = Release;
		};
		6EA6914929A3B9E70084EF6E /* Debug */ = {
			isa = XCBuildConfiguration;
			buildSettings = {
				ALWAYS_EMBED_SWIFT_STANDARD_LIBRARIES = YES;
				CODE_SIGN_STYLE = Automatic;
				CURRENT_PROJECT_VERSION = 1;
				DEVELOPMENT_TEAM = 8T58FH89LR;
				GENERATE_INFOPLIST_FILE = YES;
				MARKETING_VERSION = 1.0;
				PRODUCT_BUNDLE_IDENTIFIER = "elyahk.MC3-ChallengeUITests";
				PRODUCT_NAME = "$(TARGET_NAME)";
				SWIFT_EMIT_LOC_STRINGS = NO;
				SWIFT_VERSION = 5.0;
				TARGETED_DEVICE_FAMILY = "1,2";
				TEST_TARGET_NAME = "MC3-Challenge";
			};
			name = Debug;
		};
		6EA6914A29A3B9E70084EF6E /* Release */ = {
			isa = XCBuildConfiguration;
			buildSettings = {
				ALWAYS_EMBED_SWIFT_STANDARD_LIBRARIES = YES;
				CODE_SIGN_STYLE = Automatic;
				CURRENT_PROJECT_VERSION = 1;
				DEVELOPMENT_TEAM = 8T58FH89LR;
				GENERATE_INFOPLIST_FILE = YES;
				MARKETING_VERSION = 1.0;
				PRODUCT_BUNDLE_IDENTIFIER = "elyahk.MC3-ChallengeUITests";
				PRODUCT_NAME = "$(TARGET_NAME)";
				SWIFT_EMIT_LOC_STRINGS = NO;
				SWIFT_VERSION = 5.0;
				TARGETED_DEVICE_FAMILY = "1,2";
				TEST_TARGET_NAME = "MC3-Challenge";
			};
			name = Release;
		};
/* End XCBuildConfiguration section */

/* Begin XCConfigurationList section */
		6EA6911429A3B9E60084EF6E /* Build configuration list for PBXProject "MC3-Challenge" */ = {
			isa = XCConfigurationList;
			buildConfigurations = (
				6EA6914029A3B9E70084EF6E /* Debug */,
				6EA6914129A3B9E70084EF6E /* Release */,
			);
			defaultConfigurationIsVisible = 0;
			defaultConfigurationName = Release;
		};
		6EA6914229A3B9E70084EF6E /* Build configuration list for PBXNativeTarget "MC3-Challenge" */ = {
			isa = XCConfigurationList;
			buildConfigurations = (
				6EA6914329A3B9E70084EF6E /* Debug */,
				6EA6914429A3B9E70084EF6E /* Release */,
			);
			defaultConfigurationIsVisible = 0;
			defaultConfigurationName = Release;
		};
		6EA6914529A3B9E70084EF6E /* Build configuration list for PBXNativeTarget "MC3-ChallengeTests" */ = {
			isa = XCConfigurationList;
			buildConfigurations = (
				6EA6914629A3B9E70084EF6E /* Debug */,
				6EA6914729A3B9E70084EF6E /* Release */,
			);
			defaultConfigurationIsVisible = 0;
			defaultConfigurationName = Release;
		};
		6EA6914829A3B9E70084EF6E /* Build configuration list for PBXNativeTarget "MC3-ChallengeUITests" */ = {
			isa = XCConfigurationList;
			buildConfigurations = (
				6EA6914929A3B9E70084EF6E /* Debug */,
				6EA6914A29A3B9E70084EF6E /* Release */,
			);
			defaultConfigurationIsVisible = 0;
			defaultConfigurationName = Release;
		};
/* End XCConfigurationList section */

/* Begin XCVersionGroup section */
		6EA6912729A3B9E70084EF6E /* MC3_Challenge.xcdatamodeld */ = {
			isa = XCVersionGroup;
			children = (
				6EA6912829A3B9E70084EF6E /* MC3_Challenge.xcdatamodel */,
			);
			currentVersion = 6EA6912829A3B9E70084EF6E /* MC3_Challenge.xcdatamodel */;
			path = MC3_Challenge.xcdatamodeld;
			sourceTree = "<group>";
			versionGroupType = wrapper.xcdatamodel;
		};
/* End XCVersionGroup section */
	};
	rootObject = 6EA6911129A3B9E60084EF6E /* Project object */;
}
